dependencies:
- name: common
  repository: oci://ghcr.io/didx-xyz/bitnami-oss-charts
  version: 2.31.4
- name: nats
  repository: oci://ghcr.io/didx-xyz/bitnami-oss-charts
  version: 9.0.28
digest: sha256:2767e1adff0501905e95041032b302d83f17e92b45e4eeb66636fc55af813291
generated: "2025-08-25T11:52:18.784909+02:00"
