dependencies:
- name: common
  repository: oci://registry-1.docker.io/bitnamicharts
  version: 2.31.3
- name: nats
  repository: oci://registry-1.docker.io/bitnamicharts
  version: 9.0.20
digest: sha256:5ae0d8ceb1a02b245a3376f441d9c34da880fdc67e8542994faf109e62790442
generated: "2025-06-23T16:58:23.486396+02:00"
